
Microsoft Visual Studio Solution File, Format Version 12.00
# Visual Studio Version 17
VisualStudioVersion = 17.0.31903.59
MinimumVisualStudioVersion = 10.0.40219.1
Project("{2150E333-8FDC-42A3-9474-1A3956D46DE8}") = "src", "src", "{827E0CD3-B72D-47B6-A68D-7590B98EB39B}"
EndProject
Project("{2150E333-8FDC-42A3-9474-1A3956D46DE8}") = "common", "common", "{BFF2DF6E-AA54-47C7-211F-79ACCBB4577C}"
EndProject
Project("{FAE04EC0-301F-11D3-BF4B-00C04F79EFBC}") = "Pad.Common", "src\common\Pad.Common.csproj", "{031913D4-2E73-4985-AC14-3DB7EF4DD261}"
EndProject
Project("{2150E333-8FDC-42A3-9474-1A3956D46DE8}") = "sender", "sender", "{7AEF7103-FCF5-B2E1-9CB6-E8C3A86D9A13}"
EndProject
Project("{FAE04EC0-301F-11D3-BF4B-00C04F79EFBC}") = "Pad.Sender", "src\sender\Pad.Sender.csproj", "{765C41F2-424C-4230-84E9-ADFC04DDBA3A}"
EndProject
Project("{2150E333-8FDC-42A3-9474-1A3956D46DE8}") = "tests", "tests", "{0AB3BF05-4346-4AA6-1389-037BE0695223}"
EndProject
Project("{2150E333-8FDC-42A3-9474-1A3956D46DE8}") = "unit", "unit", "{9D556B49-86D1-93A7-9596-FFAAB74EC556}"
EndProject
Project("{FAE04EC0-301F-11D3-BF4B-00C04F79EFBC}") = "Pad.Common.Tests", "tests\unit\Pad.Common.Tests\Pad.Common.Tests.csproj", "{98947D0B-23F8-4A78-9A65-B3DBDA2DA6DE}"
EndProject
Project("{2150E333-8FDC-42A3-9474-1A3956D46DE8}") = "contract", "contract", "{53506FF3-1087-91DB-5731-19A6F3C92276}"
EndProject
Project("{FAE04EC0-301F-11D3-BF4B-00C04F79EFBC}") = "Pad.Contract.Tests", "tests\contract\Pad.Contract.Tests\Pad.Contract.Tests.csproj", "{4862ADF0-DEC9-4655-A612-B729EAFA35A7}"
EndProject
Project("{2150E333-8FDC-42A3-9474-1A3956D46DE8}") = "broker", "broker", "{02EA681E-C7D8-13C7-8484-4AC65E1B71E8}"
EndProject
Project("{FAE04EC0-301F-11D3-BF4B-00C04F79EFBC}") = "Pad.Broker", "src\broker\Pad.Broker.csproj", "{91CD1CC4-3A50-4287-A4B7-E1A7327C249D}"
EndProject
Global
	GlobalSection(SolutionConfigurationPlatforms) = preSolution
		Debug|Any CPU = Debug|Any CPU
		Debug|x64 = Debug|x64
		Debug|x86 = Debug|x86
		Release|Any CPU = Release|Any CPU
		Release|x64 = Release|x64
		Release|x86 = Release|x86
	EndGlobalSection
	GlobalSection(ProjectConfigurationPlatforms) = postSolution
		{031913D4-2E73-4985-AC14-3DB7EF4DD261}.Debug|Any CPU.ActiveCfg = Debug|Any CPU
		{031913D4-2E73-4985-AC14-3DB7EF4DD261}.Debug|Any CPU.Build.0 = Debug|Any CPU
		{031913D4-2E73-4985-AC14-3DB7EF4DD261}.Debug|x64.ActiveCfg = Debug|Any CPU
		{031913D4-2E73-4985-AC14-3DB7EF4DD261}.Debug|x64.Build.0 = Debug|Any CPU
		{031913D4-2E73-4985-AC14-3DB7EF4DD261}.Debug|x86.ActiveCfg = Debug|Any CPU
		{031913D4-2E73-4985-AC14-3DB7EF4DD261}.Debug|x86.Build.0 = Debug|Any CPU
		{031913D4-2E73-4985-AC14-3DB7EF4DD261}.Release|Any CPU.ActiveCfg = Release|Any CPU
		{031913D4-2E73-4985-AC14-3DB7EF4DD261}.Release|Any CPU.Build.0 = Release|Any CPU
		{031913D4-2E73-4985-AC14-3DB7EF4DD261}.Release|x64.ActiveCfg = Release|Any CPU
		{031913D4-2E73-4985-AC14-3DB7EF4DD261}.Release|x64.Build.0 = Release|Any CPU
		{031913D4-2E73-4985-AC14-3DB7EF4DD261}.Release|x86.ActiveCfg = Release|Any CPU
		{031913D4-2E73-4985-AC14-3DB7EF4DD261}.Release|x86.Build.0 = Release|Any CPU
		{765C41F2-424C-4230-84E9-ADFC04DDBA3A}.Debug|Any CPU.ActiveCfg = Debug|Any CPU
		{765C41F2-424C-4230-84E9-ADFC04DDBA3A}.Debug|Any CPU.Build.0 = Debug|Any CPU
		{765C41F2-424C-4230-84E9-ADFC04DDBA3A}.Debug|x64.ActiveCfg = Debug|Any CPU
		{765C41F2-424C-4230-84E9-ADFC04DDBA3A}.Debug|x64.Build.0 = Debug|Any CPU
		{765C41F2-424C-4230-84E9-ADFC04DDBA3A}.Debug|x86.ActiveCfg = Debug|Any CPU
		{765C41F2-424C-4230-84E9-ADFC04DDBA3A}.Debug|x86.Build.0 = Debug|Any CPU
		{765C41F2-424C-4230-84E9-ADFC04DDBA3A}.Release|Any CPU.ActiveCfg = Release|Any CPU
		{765C41F2-424C-4230-84E9-ADFC04DDBA3A}.Release|Any CPU.Build.0 = Release|Any CPU
		{765C41F2-424C-4230-84E9-ADFC04DDBA3A}.Release|x64.ActiveCfg = Release|Any CPU
		{765C41F2-424C-4230-84E9-ADFC04DDBA3A}.Release|x64.Build.0 = Release|Any CPU
		{765C41F2-424C-4230-84E9-ADFC04DDBA3A}.Release|x86.ActiveCfg = Release|Any CPU
		{765C41F2-424C-4230-84E9-ADFC04DDBA3A}.Release|x86.Build.0 = Release|Any CPU
		{98947D0B-23F8-4A78-9A65-B3DBDA2DA6DE}.Debug|Any CPU.ActiveCfg = Debug|Any CPU
		{98947D0B-23F8-4A78-9A65-B3DBDA2DA6DE}.Debug|Any CPU.Build.0 = Debug|Any CPU
		{98947D0B-23F8-4A78-9A65-B3DBDA2DA6DE}.Debug|x64.ActiveCfg = Debug|Any CPU
		{98947D0B-23F8-4A78-9A65-B3DBDA2DA6DE}.Debug|x64.Build.0 = Debug|Any CPU
		{98947D0B-23F8-4A78-9A65-B3DBDA2DA6DE}.Debug|x86.ActiveCfg = Debug|Any CPU
		{98947D0B-23F8-4A78-9A65-B3DBDA2DA6DE}.Debug|x86.Build.0 = Debug|Any CPU
		{98947D0B-23F8-4A78-9A65-B3DBDA2DA6DE}.Release|Any CPU.ActiveCfg = Release|Any CPU
		{98947D0B-23F8-4A78-9A65-B3DBDA2DA6DE}.Release|Any CPU.Build.0 = Release|Any CPU
		{98947D0B-23F8-4A78-9A65-B3DBDA2DA6DE}.Release|x64.ActiveCfg = Release|Any CPU
		{98947D0B-23F8-4A78-9A65-B3DBDA2DA6DE}.Release|x64.Build.0 = Release|Any CPU
		{98947D0B-23F8-4A78-9A65-B3DBDA2DA6DE}.Release|x86.ActiveCfg = Release|Any CPU
		{98947D0B-23F8-4A78-9A65-B3DBDA2DA6DE}.Release|x86.Build.0 = Release|Any CPU
		{4862ADF0-DEC9-4655-A612-B729EAFA35A7}.Debug|Any CPU.ActiveCfg = Debug|Any CPU
		{4862ADF0-DEC9-4655-A612-B729EAFA35A7}.Debug|Any CPU.Build.0 = Debug|Any CPU
		{4862ADF0-DEC9-4655-A612-B729EAFA35A7}.Debug|x64.ActiveCfg = Debug|Any CPU
		{4862ADF0-DEC9-4655-A612-B729EAFA35A7}.Debug|x64.Build.0 = Debug|Any CPU
		{4862ADF0-DEC9-4655-A612-B729EAFA35A7}.Debug|x86.ActiveCfg = Debug|Any CPU
		{4862ADF0-DEC9-4655-A612-B729EAFA35A7}.Debug|x86.Build.0 = Debug|Any CPU
		{4862ADF0-DEC9-4655-A612-B729EAFA35A7}.Release|Any CPU.ActiveCfg = Release|Any CPU
		{4862ADF0-DEC9-4655-A612-B729EAFA35A7}.Release|Any CPU.Build.0 = Release|Any CPU
		{4862ADF0-DEC9-4655-A612-B729EAFA35A7}.Release|x64.ActiveCfg = Release|Any CPU
		{4862ADF0-DEC9-4655-A612-B729EAFA35A7}.Release|x64.Build.0 = Release|Any CPU
		{4862ADF0-DEC9-4655-A612-B729EAFA35A7}.Release|x86.ActiveCfg = Release|Any CPU
		{4862ADF0-DEC9-4655-A612-B729EAFA35A7}.Release|x86.Build.0 = Release|Any CPU
		{91CD1CC4-3A50-4287-A4B7-E1A7327C249D}.Debug|Any CPU.ActiveCfg = Debug|Any CPU
		{91CD1CC4-3A50-4287-A4B7-E1A7327C249D}.Debug|Any CPU.Build.0 = Debug|Any CPU
		{91CD1CC4-3A50-4287-A4B7-E1A7327C249D}.Debug|x64.ActiveCfg = Debug|Any CPU
		{91CD1CC4-3A50-4287-A4B7-E1A7327C249D}.Debug|x64.Build.0 = Debug|Any CPU
		{91CD1CC4-3A50-4287-A4B7-E1A7327C249D}.Debug|x86.ActiveCfg = Debug|Any CPU
		{91CD1CC4-3A50-4287-A4B7-E1A7327C249D}.Debug|x86.Build.0 = Debug|Any CPU
		{91CD1CC4-3A50-4287-A4B7-E1A7327C249D}.Release|Any CPU.ActiveCfg = Release|Any CPU
		{91CD1CC4-3A50-4287-A4B7-E1A7327C249D}.Release|Any CPU.Build.0 = Release|Any CPU
		{91CD1CC4-3A50-4287-A4B7-E1A7327C249D}.Release|x64.ActiveCfg = Release|Any CPU
		{91CD1CC4-3A50-4287-A4B7-E1A7327C249D}.Release|x64.Build.0 = Release|Any CPU
		{91CD1CC4-3A50-4287-A4B7-E1A7327C249D}.Release|x86.ActiveCfg = Release|Any CPU
		{91CD1CC4-3A50-4287-A4B7-E1A7327C249D}.Release|x86.Build.0 = Release|Any CPU
	EndGlobalSection
	GlobalSection(SolutionProperties) = preSolution
		HideSolutionNode = FALSE
	EndGlobalSection
	GlobalSection(NestedProjects) = preSolution
		{BFF2DF6E-AA54-47C7-211F-79ACCBB4577C} = {827E0CD3-B72D-47B6-A68D-7590B98EB39B}
		{031913D4-2E73-4985-AC14-3DB7EF4DD261} = {BFF2DF6E-AA54-47C7-211F-79ACCBB4577C}
		{7AEF7103-FCF5-B2E1-9CB6-E8C3A86D9A13} = {827E0CD3-B72D-47B6-A68D-7590B98EB39B}
		{765C41F2-424C-4230-84E9-ADFC04DDBA3A} = {7AEF7103-FCF5-B2E1-9CB6-E8C3A86D9A13}
		{9D556B49-86D1-93A7-9596-FFAAB74EC556} = {0AB3BF05-4346-4AA6-1389-037BE0695223}
		{98947D0B-23F8-4A78-9A65-B3DBDA2DA6DE} = {9D556B49-86D1-93A7-9596-FFAAB74EC556}
		{53506FF3-1087-91DB-5731-19A6F3C92276} = {0AB3BF05-4346-4AA6-1389-037BE0695223}
		{4862ADF0-DEC9-4655-A612-B729EAFA35A7} = {53506FF3-1087-91DB-5731-19A6F3C92276}
		{02EA681E-C7D8-13C7-8484-4AC65E1B71E8} = {827E0CD3-B72D-47B6-A68D-7590B98EB39B}
		{91CD1CC4-3A50-4287-A4B7-E1A7327C249D} = {02EA681E-C7D8-13C7-8484-4AC65E1B71E8}
	EndGlobalSection
	GlobalSection(ExtensibilityGlobals) = postSolution
		SolutionGuid = {334D1A5A-72BE-482D-9ADE-99919FE7D629}
	EndGlobalSection
EndGlobal
